
Microsoft Visual Studio Solution File, Format Version 12.00
# Visual Studio Version 17
VisualStudioVersion = 17.5.33502.453
MinimumVisualStudioVersion = 10.0.40219.1
Project("{FAE04EC0-301F-11D3-BF4B-00C04F79EFBC}") = "Interface", "Interface\Interface.csproj", "{C4A94DD9-7672-4C52-A6E9-285AFD79CBF1}"
EndProject
Project("{FAE04EC0-301F-11D3-BF4B-00C04F79EFBC}") = "LogicTest", "DomainLogicTest\LogicTest.csproj", "{06BC633B-9265-4421-8F2A-A09428709154}"
EndProject
Project("{FAE04EC0-301F-11D3-BF4B-00C04F79EFBC}") = "Domain", "Domain\Domain.csproj", "{BB322CEA-D52C-4BD3-BA3A-46AA38956999}"
EndProject
Project("{FAE04EC0-301F-11D3-BF4B-00C04F79EFBC}") = "Logic", "Logic\Logic.csproj", "{B2F04C49-C11B-438A-87FE-340D00F212AF}"
EndProject
Project("{FAE04EC0-301F-11D3-BF4B-00C04F79EFBC}") = "RepositoryTests", "RepositoryTests\RepositoryTests.csproj", "{2B86E8ED-CFCD-4AD1-87F6-4CDF66C55755}"
EndProject
Project("{FAE04EC0-301F-11D3-BF4B-00C04F79EFBC}") = "Repository", "Repository\Repository.csproj", "{25B2BB0C-BA9A-4F48-BFA9-AA490ACC54D5}"
EndProject
Project("{FAE04EC0-301F-11D3-BF4B-00C04F79EFBC}") = "DomainTest", "DomainTest\DomainTest.csproj", "{1E1AE84F-3FED-492B-857E-7C35E4E8EB5F}"
EndProject
Global
	GlobalSection(SolutionConfigurationPlatforms) = preSolution
		Debug|Any CPU = Debug|Any CPU
		Release|Any CPU = Release|Any CPU
	EndGlobalSection
	GlobalSection(ProjectConfigurationPlatforms) = postSolution
		{C4A94DD9-7672-4C52-A6E9-285AFD79CBF1}.Debug|Any CPU.ActiveCfg = Debug|Any CPU
		{C4A94DD9-7672-4C52-A6E9-285AFD79CBF1}.Debug|Any CPU.Build.0 = Debug|Any CPU
		{C4A94DD9-7672-4C52-A6E9-285AFD79CBF1}.Release|Any CPU.ActiveCfg = Release|Any CPU
		{C4A94DD9-7672-4C52-A6E9-285AFD79CBF1}.Release|Any CPU.Build.0 = Release|Any CPU
		{06BC633B-9265-4421-8F2A-A09428709154}.Debug|Any CPU.ActiveCfg = Debug|Any CPU
		{06BC633B-9265-4421-8F2A-A09428709154}.Debug|Any CPU.Build.0 = Debug|Any CPU
		{06BC633B-9265-4421-8F2A-A09428709154}.Release|Any CPU.ActiveCfg = Release|Any CPU
		{06BC633B-9265-4421-8F2A-A09428709154}.Release|Any CPU.Build.0 = Release|Any CPU
		{BB322CEA-D52C-4BD3-BA3A-46AA38956999}.Debug|Any CPU.ActiveCfg = Debug|Any CPU
		{BB322CEA-D52C-4BD3-BA3A-46AA38956999}.Debug|Any CPU.Build.0 = Debug|Any CPU
		{BB322CEA-D52C-4BD3-BA3A-46AA38956999}.Release|Any CPU.ActiveCfg = Release|Any CPU
		{BB322CEA-D52C-4BD3-BA3A-46AA38956999}.Release|Any CPU.Build.0 = Release|Any CPU
		{B2F04C49-C11B-438A-87FE-340D00F212AF}.Debug|Any CPU.ActiveCfg = Debug|Any CPU
		{B2F04C49-C11B-438A-87FE-340D00F212AF}.Debug|Any CPU.Build.0 = Debug|Any CPU
		{B2F04C49-C11B-438A-87FE-340D00F212AF}.Release|Any CPU.ActiveCfg = Release|Any CPU
		{B2F04C49-C11B-438A-87FE-340D00F212AF}.Release|Any CPU.Build.0 = Release|Any CPU
		{2B86E8ED-CFCD-4AD1-87F6-4CDF66C55755}.Debug|Any CPU.ActiveCfg = Debug|Any CPU
		{2B86E8ED-CFCD-4AD1-87F6-4CDF66C55755}.Debug|Any CPU.Build.0 = Debug|Any CPU
		{2B86E8ED-CFCD-4AD1-87F6-4CDF66C55755}.Release|Any CPU.ActiveCfg = Release|Any CPU
		{2B86E8ED-CFCD-4AD1-87F6-4CDF66C55755}.Release|Any CPU.Build.0 = Release|Any CPU
		{25B2BB0C-BA9A-4F48-BFA9-AA490ACC54D5}.Debug|Any CPU.ActiveCfg = Debug|Any CPU
		{25B2BB0C-BA9A-4F48-BFA9-AA490ACC54D5}.Debug|Any CPU.Build.0 = Debug|Any CPU
		{25B2BB0C-BA9A-4F48-BFA9-AA490ACC54D5}.Release|Any CPU.ActiveCfg = Release|Any CPU
		{25B2BB0C-BA9A-4F48-BFA9-AA490ACC54D5}.Release|Any CPU.Build.0 = Release|Any CPU
		{1E1AE84F-3FED-492B-857E-7C35E4E8EB5F}.Debug|Any CPU.ActiveCfg = Debug|Any CPU
		{1E1AE84F-3FED-492B-857E-7C35E4E8EB5F}.Debug|Any CPU.Build.0 = Debug|Any CPU
		{1E1AE84F-3FED-492B-857E-7C35E4E8EB5F}.Release|Any CPU.ActiveCfg = Release|Any CPU
		{1E1AE84F-3FED-492B-857E-7C35E4E8EB5F}.Release|Any CPU.Build.0 = Release|Any CPU
	EndGlobalSection
	GlobalSection(SolutionProperties) = preSolution
		HideSolutionNode = FALSE
	EndGlobalSection
	GlobalSection(ExtensibilityGlobals) = postSolution
		SolutionGuid = {6D84ACCE-7BB5-4ABD-B850-3DDAF8272B0F}
	EndGlobalSection
EndGlobal
